
Microsoft Visual Studio Solution File, Format Version 12.00
# Visual Studio 2012
Project("{FAE04EC0-301F-11D3-BF4B-00C04F79EFBC}") = "EChartDemo", "EChartDemo\EChartDemo.csproj", "{6887C3DE-2292-47C7-8FEC-D37C907DF698}"
EndProject
Global
	GlobalSection(SolutionConfigurationPlatforms) = preSolution
		Debug|Any CPU = Debug|Any CPU
		Release|Any CPU = Release|Any CPU
	EndGlobalSection
	GlobalSection(ProjectConfigurationPlatforms) = postSolution
		{6887C3DE-2292-47C7-8FEC-D37C907DF698}.Debug|Any CPU.ActiveCfg = Debug|Any CPU
		{6887C3DE-2292-47C7-8FEC-D37C907DF698}.Debug|Any CPU.Build.0 = Debug|Any CPU
		{6887C3DE-2292-47C7-8FEC-D37C907DF698}.Release|Any CPU.ActiveCfg = Release|Any CPU
		{6887C3DE-2292-47C7-8FEC-D37C907DF698}.Release|Any CPU.Build.0 = Release|Any CPU
	EndGlobalSection
EndGlobal
